
Microsoft Visual Studio Solution File, Format Version 12.00
# Visual Studio Version 16
VisualStudioVersion = 16.0.31321.278
MinimumVisualStudioVersion = 10.0.40219.1
Project("{FAE04EC0-301F-11D3-BF4B-00C04F79EFBC}") = "PracticaTareaPareja", "PracticaTareaPareja\PracticaTareaPareja.csproj", "{53DF67B8-8669-40F9-BCDF-C7D980C334E7}"
EndProject
Global
	GlobalSection(SolutionConfigurationPlatforms) = preSolution
		Debug|Any CPU = Debug|Any CPU
		Release|Any CPU = Release|Any CPU
	EndGlobalSection
	GlobalSection(ProjectConfigurationPlatforms) = postSolution
		{53DF67B8-8669-40F9-BCDF-C7D980C334E7}.Debug|Any CPU.ActiveCfg = Debug|Any CPU
		{53DF67B8-8669-40F9-BCDF-C7D980C334E7}.Debug|Any CPU.Build.0 = Debug|Any CPU
		{53DF67B8-8669-40F9-BCDF-C7D980C334E7}.Release|Any CPU.ActiveCfg = Release|Any CPU
		{53DF67B8-8669-40F9-BCDF-C7D980C334E7}.Release|Any CPU.Build.0 = Release|Any CPU
	EndGlobalSection
	GlobalSection(SolutionProperties) = preSolution
		HideSolutionNode = FALSE
	EndGlobalSection
	GlobalSection(ExtensibilityGlobals) = postSolution
		SolutionGuid = {4BBD54A4-C634-43FD-AEC2-FA963785901B}
	EndGlobalSection
EndGlobal
